
Microsoft Visual Studio Solution File, Format Version 12.00
# Visual Studio 15
VisualStudioVersion = 15.0.27004.2005
MinimumVisualStudioVersion = 10.0.40219.1
Project("{9A19103F-16F7-4668-BE54-9A1E7A4F7556}") = "FightDataProcessor", "FightDataProcessor\FightDataProcessor.csproj", "{5C94BFA2-177E-48AB-B3DF-6B84BFCCF9D3}"
EndProject
Project("{9A19103F-16F7-4668-BE54-9A1E7A4F7556}") = "FightData.Models", "..\Models\FightData.Models\FightData.Models.csproj", "{C9A4EC20-79CE-4CA3-B090-9E168477BF56}"
EndProject
Project("{9A19103F-16F7-4668-BE54-9A1E7A4F7556}") = "FightData.DataLayer", "..\DataLayer\FightData.DataLayer\FightData.DataLayer.csproj", "{4D12245D-5CB1-4532-9617-FCB92CDF7B60}"
EndProject
Project("{FAE04EC0-301F-11D3-BF4B-00C04F79EFBC}") = "FightDataProcessorTest", "FightDataProcessorTest\FightDataProcessorTest.csproj", "{FA551CAB-9C95-422B-A6FC-B9A9250AA24B}"
EndProject
Global
	GlobalSection(SolutionConfigurationPlatforms) = preSolution
		Debug|Any CPU = Debug|Any CPU
		Release|Any CPU = Release|Any CPU
	EndGlobalSection
	GlobalSection(ProjectConfigurationPlatforms) = postSolution
		{5C94BFA2-177E-48AB-B3DF-6B84BFCCF9D3}.Debug|Any CPU.ActiveCfg = Debug|Any CPU
		{5C94BFA2-177E-48AB-B3DF-6B84BFCCF9D3}.Debug|Any CPU.Build.0 = Debug|Any CPU
		{5C94BFA2-177E-48AB-B3DF-6B84BFCCF9D3}.Release|Any CPU.ActiveCfg = Release|Any CPU
		{5C94BFA2-177E-48AB-B3DF-6B84BFCCF9D3}.Release|Any CPU.Build.0 = Release|Any CPU
		{C9A4EC20-79CE-4CA3-B090-9E168477BF56}.Debug|Any CPU.ActiveCfg = Debug|Any CPU
		{C9A4EC20-79CE-4CA3-B090-9E168477BF56}.Debug|Any CPU.Build.0 = Debug|Any CPU
		{C9A4EC20-79CE-4CA3-B090-9E168477BF56}.Release|Any CPU.ActiveCfg = Release|Any CPU
		{C9A4EC20-79CE-4CA3-B090-9E168477BF56}.Release|Any CPU.Build.0 = Release|Any CPU
		{4D12245D-5CB1-4532-9617-FCB92CDF7B60}.Debug|Any CPU.ActiveCfg = Debug|Any CPU
		{4D12245D-5CB1-4532-9617-FCB92CDF7B60}.Debug|Any CPU.Build.0 = Debug|Any CPU
		{4D12245D-5CB1-4532-9617-FCB92CDF7B60}.Release|Any CPU.ActiveCfg = Release|Any CPU
		{4D12245D-5CB1-4532-9617-FCB92CDF7B60}.Release|Any CPU.Build.0 = Release|Any CPU
		{FA551CAB-9C95-422B-A6FC-B9A9250AA24B}.Debug|Any CPU.ActiveCfg = Debug|Any CPU
		{FA551CAB-9C95-422B-A6FC-B9A9250AA24B}.Debug|Any CPU.Build.0 = Debug|Any CPU
		{FA551CAB-9C95-422B-A6FC-B9A9250AA24B}.Release|Any CPU.ActiveCfg = Release|Any CPU
		{FA551CAB-9C95-422B-A6FC-B9A9250AA24B}.Release|Any CPU.Build.0 = Release|Any CPU
	EndGlobalSection
	GlobalSection(SolutionProperties) = preSolution
		HideSolutionNode = FALSE
	EndGlobalSection
	GlobalSection(ExtensibilityGlobals) = postSolution
		SolutionGuid = {574EFF56-BC3C-454C-A2C2-B20138934BA9}
	EndGlobalSection
EndGlobal
