
Microsoft Visual Studio Solution File, Format Version 12.00
# Visual Studio 15
VisualStudioVersion = 15.0.27004.2005
MinimumVisualStudioVersion = 10.0.40219.1
Project("{9A19103F-16F7-4668-BE54-9A1E7A4F7556}") = "FightDataUI", "FightDataUI\FightDataUI.csproj", "{07E3CCC4-2825-4983-BBB0-7F3161389BC0}"
EndProject
Project("{9A19103F-16F7-4668-BE54-9A1E7A4F7556}") = "FightData.Domain", "..\..\Domain\FightData.Domain\FightData.Domain.csproj", "{69755669-C702-4F23-B1BD-0DF0F8448516}"
EndProject
Project("{FAE04EC0-301F-11D3-BF4B-00C04F79EFBC}") = "FightData.UI.Test", "FightData.UI.Test\FightData.UI.Test.csproj", "{0FAFDE9D-835B-4832-A8A1-522A0D56E2B8}"
EndProject
Project("{9A19103F-16F7-4668-BE54-9A1E7A4F7556}") = "FightData.TestData", "..\..\Domain\FightData.TestData\FightData.TestData.csproj", "{AA90F0BC-BA80-40E0-ABCD-EEFEC6C16334}"
EndProject
Global
	GlobalSection(SolutionConfigurationPlatforms) = preSolution
		Debug|Any CPU = Debug|Any CPU
		Release|Any CPU = Release|Any CPU
	EndGlobalSection
	GlobalSection(ProjectConfigurationPlatforms) = postSolution
		{07E3CCC4-2825-4983-BBB0-7F3161389BC0}.Debug|Any CPU.ActiveCfg = Debug|Any CPU
		{07E3CCC4-2825-4983-BBB0-7F3161389BC0}.Debug|Any CPU.Build.0 = Debug|Any CPU
		{07E3CCC4-2825-4983-BBB0-7F3161389BC0}.Release|Any CPU.ActiveCfg = Release|Any CPU
		{07E3CCC4-2825-4983-BBB0-7F3161389BC0}.Release|Any CPU.Build.0 = Release|Any CPU
		{69755669-C702-4F23-B1BD-0DF0F8448516}.Debug|Any CPU.ActiveCfg = Debug|Any CPU
		{69755669-C702-4F23-B1BD-0DF0F8448516}.Debug|Any CPU.Build.0 = Debug|Any CPU
		{69755669-C702-4F23-B1BD-0DF0F8448516}.Release|Any CPU.ActiveCfg = Release|Any CPU
		{69755669-C702-4F23-B1BD-0DF0F8448516}.Release|Any CPU.Build.0 = Release|Any CPU
		{0FAFDE9D-835B-4832-A8A1-522A0D56E2B8}.Debug|Any CPU.ActiveCfg = Debug|Any CPU
		{0FAFDE9D-835B-4832-A8A1-522A0D56E2B8}.Debug|Any CPU.Build.0 = Debug|Any CPU
		{0FAFDE9D-835B-4832-A8A1-522A0D56E2B8}.Release|Any CPU.ActiveCfg = Release|Any CPU
		{0FAFDE9D-835B-4832-A8A1-522A0D56E2B8}.Release|Any CPU.Build.0 = Release|Any CPU
		{AA90F0BC-BA80-40E0-ABCD-EEFEC6C16334}.Debug|Any CPU.ActiveCfg = Debug|Any CPU
		{AA90F0BC-BA80-40E0-ABCD-EEFEC6C16334}.Debug|Any CPU.Build.0 = Debug|Any CPU
		{AA90F0BC-BA80-40E0-ABCD-EEFEC6C16334}.Release|Any CPU.ActiveCfg = Release|Any CPU
		{AA90F0BC-BA80-40E0-ABCD-EEFEC6C16334}.Release|Any CPU.Build.0 = Release|Any CPU
	EndGlobalSection
	GlobalSection(SolutionProperties) = preSolution
		HideSolutionNode = FALSE
	EndGlobalSection
	GlobalSection(ExtensibilityGlobals) = postSolution
		SolutionGuid = {92E727C3-D753-440D-B780-7CDABD7C084A}
	EndGlobalSection
EndGlobal
